
Microsoft Visual Studio Solution File, Format Version 12.00
# Visual Studio Version 17
VisualStudioVersion = 17.12.35514.174
MinimumVisualStudioVersion = 10.0.40219.1
Project("{FAE04EC0-301F-11D3-BF4B-00C04F79EFBC}") = "EntityLayer", "EntityLayer\EntityLayer.csproj", "{E480D7D5-7950-44B2-A3D7-92BAC6FECA5E}"
EndProject
Project("{FAE04EC0-301F-11D3-BF4B-00C04F79EFBC}") = "DataAccessLayer", "DataAccessLayer\DataAccessLayer.csproj", "{B84D137B-F68B-4501-A4B7-24693F8D03FC}"
EndProject
Project("{FAE04EC0-301F-11D3-BF4B-00C04F79EFBC}") = "DTOLayer", "DTOLayer\DTOLayer.csproj", "{B6545105-E157-4AF7-A311-FBF830644EAD}"
EndProject
Project("{FAE04EC0-301F-11D3-BF4B-00C04F79EFBC}") = "BusinessLayer", "BusinessLayer\BusinessLayer.csproj", "{EBB20003-796F-4535-AB98-260C01172C69}"
EndProject
Project("{FAE04EC0-301F-11D3-BF4B-00C04F79EFBC}") = "APILayer", "APILayer\APILayer.csproj", "{7F15E589-5B44-4708-8DC0-247C4B838E07}"
EndProject
Project("{FAE04EC0-301F-11D3-BF4B-00C04F79EFBC}") = "UILayer", "UILayer\UILayer.csproj", "{78C9B14A-664A-4482-ACD1-849E5CFE956B}"
EndProject
Global
	GlobalSection(SolutionConfigurationPlatforms) = preSolution
		Debug|Any CPU = Debug|Any CPU
		Release|Any CPU = Release|Any CPU
	EndGlobalSection
	GlobalSection(ProjectConfigurationPlatforms) = postSolution
		{E480D7D5-7950-44B2-A3D7-92BAC6FECA5E}.Debug|Any CPU.ActiveCfg = Debug|Any CPU
		{E480D7D5-7950-44B2-A3D7-92BAC6FECA5E}.Debug|Any CPU.Build.0 = Debug|Any CPU
		{E480D7D5-7950-44B2-A3D7-92BAC6FECA5E}.Release|Any CPU.ActiveCfg = Release|Any CPU
		{E480D7D5-7950-44B2-A3D7-92BAC6FECA5E}.Release|Any CPU.Build.0 = Release|Any CPU
		{B84D137B-F68B-4501-A4B7-24693F8D03FC}.Debug|Any CPU.ActiveCfg = Debug|Any CPU
		{B84D137B-F68B-4501-A4B7-24693F8D03FC}.Debug|Any CPU.Build.0 = Debug|Any CPU
		{B84D137B-F68B-4501-A4B7-24693F8D03FC}.Release|Any CPU.ActiveCfg = Release|Any CPU
		{B84D137B-F68B-4501-A4B7-24693F8D03FC}.Release|Any CPU.Build.0 = Release|Any CPU
		{B6545105-E157-4AF7-A311-FBF830644EAD}.Debug|Any CPU.ActiveCfg = Debug|Any CPU
		{B6545105-E157-4AF7-A311-FBF830644EAD}.Debug|Any CPU.Build.0 = Debug|Any CPU
		{B6545105-E157-4AF7-A311-FBF830644EAD}.Release|Any CPU.ActiveCfg = Release|Any CPU
		{B6545105-E157-4AF7-A311-FBF830644EAD}.Release|Any CPU.Build.0 = Release|Any CPU
		{EBB20003-796F-4535-AB98-260C01172C69}.Debug|Any CPU.ActiveCfg = Debug|Any CPU
		{EBB20003-796F-4535-AB98-260C01172C69}.Debug|Any CPU.Build.0 = Debug|Any CPU
		{EBB20003-796F-4535-AB98-260C01172C69}.Release|Any CPU.ActiveCfg = Release|Any CPU
		{EBB20003-796F-4535-AB98-260C01172C69}.Release|Any CPU.Build.0 = Release|Any CPU
		{7F15E589-5B44-4708-8DC0-247C4B838E07}.Debug|Any CPU.ActiveCfg = Debug|Any CPU
		{7F15E589-5B44-4708-8DC0-247C4B838E07}.Debug|Any CPU.Build.0 = Debug|Any CPU
		{7F15E589-5B44-4708-8DC0-247C4B838E07}.Release|Any CPU.ActiveCfg = Release|Any CPU
		{7F15E589-5B44-4708-8DC0-247C4B838E07}.Release|Any CPU.Build.0 = Release|Any CPU
		{78C9B14A-664A-4482-ACD1-849E5CFE956B}.Debug|Any CPU.ActiveCfg = Debug|Any CPU
		{78C9B14A-664A-4482-ACD1-849E5CFE956B}.Debug|Any CPU.Build.0 = Debug|Any CPU
		{78C9B14A-664A-4482-ACD1-849E5CFE956B}.Release|Any CPU.ActiveCfg = Release|Any CPU
		{78C9B14A-664A-4482-ACD1-849E5CFE956B}.Release|Any CPU.Build.0 = Release|Any CPU
	EndGlobalSection
	GlobalSection(SolutionProperties) = preSolution
		HideSolutionNode = FALSE
	EndGlobalSection
EndGlobal
